
Microsoft Visual Studio Solution File, Format Version 12.00
# Visual Studio 15
VisualStudioVersion = 15.0.26430.14
MinimumVisualStudioVersion = 10.0.40219.1
Project("{FAE04EC0-301F-11D3-BF4B-00C04F79EFBC}") = "SeeSharpAdventureCC5", "SeeSharpAdventureCC5\SeeSharpAdventureCC5.csproj", "{DD1AC6FF-FF70-471F-89B6-143711CC63C4}"
EndProject
Project("{FAE04EC0-301F-11D3-BF4B-00C04F79EFBC}") = "Engine", "Engine\Engine.csproj", "{3DE5BFB5-0FC9-4C71-B394-9D703F980BA0}"
EndProject
Global
	GlobalSection(SolutionConfigurationPlatforms) = preSolution
		Debug|Any CPU = Debug|Any CPU
		Release|Any CPU = Release|Any CPU
	EndGlobalSection
	GlobalSection(ProjectConfigurationPlatforms) = postSolution
		{DD1AC6FF-FF70-471F-89B6-143711CC63C4}.Debug|Any CPU.ActiveCfg = Debug|Any CPU
		{DD1AC6FF-FF70-471F-89B6-143711CC63C4}.Debug|Any CPU.Build.0 = Debug|Any CPU
		{DD1AC6FF-FF70-471F-89B6-143711CC63C4}.Release|Any CPU.ActiveCfg = Release|Any CPU
		{DD1AC6FF-FF70-471F-89B6-143711CC63C4}.Release|Any CPU.Build.0 = Release|Any CPU
		{3DE5BFB5-0FC9-4C71-B394-9D703F980BA0}.Debug|Any CPU.ActiveCfg = Debug|Any CPU
		{3DE5BFB5-0FC9-4C71-B394-9D703F980BA0}.Debug|Any CPU.Build.0 = Debug|Any CPU
		{3DE5BFB5-0FC9-4C71-B394-9D703F980BA0}.Release|Any CPU.ActiveCfg = Release|Any CPU
		{3DE5BFB5-0FC9-4C71-B394-9D703F980BA0}.Release|Any CPU.Build.0 = Release|Any CPU
	EndGlobalSection
	GlobalSection(SolutionProperties) = preSolution
		HideSolutionNode = FALSE
	EndGlobalSection
EndGlobal
